
Microsoft Visual Studio Solution File, Format Version 10.00
# Visual Studio 2008
Project("{D2ABAB84-BF74-430A-B69E-9DC6D40DDA17}") = "TextTitle", "TextTitle\TextTitle.dwproj", "{E0BEEE97-AED1-4F56-94C3-67DEE897B8B6}"
EndProject
Global
	GlobalSection(SolutionConfigurationPlatforms) = preSolution
		Development|Default = Development|Default
	EndGlobalSection
	GlobalSection(ProjectConfigurationPlatforms) = postSolution
		{E0BEEE97-AED1-4F56-94C3-67DEE897B8B6}.Development|Default.ActiveCfg = Development
		{E0BEEE97-AED1-4F56-94C3-67DEE897B8B6}.Development|Default.Build.0 = Development
		{E0BEEE97-AED1-4F56-94C3-67DEE897B8B6}.Development|Default.Deploy.0 = Development
	EndGlobalSection
	GlobalSection(SolutionProperties) = preSolution
		HideSolutionNode = FALSE
	EndGlobalSection
EndGlobal
